
Microsoft Visual Studio Solution File, Format Version 12.00
# Visual Studio Version 17
VisualStudioVersion = 17.3.32922.545
MinimumVisualStudioVersion = 10.0.40219.1
Project("{FAE04EC0-301F-11D3-BF4B-00C04F79EFBC}") = "Cotizaciones", "Cotizaciones\Cotizaciones.csproj", "{F2350E01-EFB3-4047-ACE9-CC46844DF531}"
EndProject
Global
	GlobalSection(SolutionConfigurationPlatforms) = preSolution
		Debug|Any CPU = Debug|Any CPU
		Release|Any CPU = Release|Any CPU
	EndGlobalSection
	GlobalSection(ProjectConfigurationPlatforms) = postSolution
		{F2350E01-EFB3-4047-ACE9-CC46844DF531}.Debug|Any CPU.ActiveCfg = Debug|Any CPU
		{F2350E01-EFB3-4047-ACE9-CC46844DF531}.Debug|Any CPU.Build.0 = Debug|Any CPU
		{F2350E01-EFB3-4047-ACE9-CC46844DF531}.Release|Any CPU.ActiveCfg = Release|Any CPU
		{F2350E01-EFB3-4047-ACE9-CC46844DF531}.Release|Any CPU.Build.0 = Release|Any CPU
	EndGlobalSection
	GlobalSection(SolutionProperties) = preSolution
		HideSolutionNode = FALSE
	EndGlobalSection
	GlobalSection(ExtensibilityGlobals) = postSolution
		SolutionGuid = {C1641A5A-40A5-4251-94B1-E87E2FBD800A}
	EndGlobalSection
EndGlobal
